
Microsoft Visual Studio Solution File, Format Version 12.00
# Visual Studio Version 16
VisualStudioVersion = 16.0.30717.126
MinimumVisualStudioVersion = 10.0.40219.1
Project("{FAE04EC0-301F-11D3-BF4B-00C04F79EFBC}") = "PUDInspection", "PUDInspection\PUDInspection.csproj", "{157DF475-C0D2-4CD9-ACF1-89923616E5C7}"
EndProject
Global
	GlobalSection(SolutionConfigurationPlatforms) = preSolution
		Debug|Any CPU = Debug|Any CPU
		Release|Any CPU = Release|Any CPU
	EndGlobalSection
	GlobalSection(ProjectConfigurationPlatforms) = postSolution
		{157DF475-C0D2-4CD9-ACF1-89923616E5C7}.Debug|Any CPU.ActiveCfg = Debug|Any CPU
		{157DF475-C0D2-4CD9-ACF1-89923616E5C7}.Debug|Any CPU.Build.0 = Debug|Any CPU
		{157DF475-C0D2-4CD9-ACF1-89923616E5C7}.Release|Any CPU.ActiveCfg = Release|Any CPU
		{157DF475-C0D2-4CD9-ACF1-89923616E5C7}.Release|Any CPU.Build.0 = Release|Any CPU
	EndGlobalSection
	GlobalSection(SolutionProperties) = preSolution
		HideSolutionNode = FALSE
	EndGlobalSection
	GlobalSection(ExtensibilityGlobals) = postSolution
		SolutionGuid = {343E122C-6205-4924-BD10-C71FA75D3E6A}
	EndGlobalSection
EndGlobal
